// !$*UTF8*$!
{
	archiveVersion = 1;
	classes = {
	};
	objectVersion = 46;
	objects = {

/* Begin PBXBuildFile section */
		7E3B08741AEEE29800327B65 /* AppDelegate.swift in Sources */ = {isa = PBXBuildFile; fileRef = 7E3B08731AEEE29800327B65 /* AppDelegate.swift */; };
		7E3B08791AEEE29800327B65 /* Main.storyboard in Resources */ = {isa = PBXBuildFile; fileRef = 7E3B08771AEEE29800327B65 /* Main.storyboard */; };
		7E3B087B1AEEE29800327B65 /* Images.xcassets in Resources */ = {isa = PBXBuildFile; fileRef = 7E3B087A1AEEE29800327B65 /* Images.xcassets */; };
		7E3B087E1AEEE29800327B65 /* LaunchScreen.xib in Resources */ = {isa = PBXBuildFile; fileRef = 7E3B087C1AEEE29800327B65 /* LaunchScreen.xib */; };
		7E3B088A1AEEE29800327B65 /* RepresentMe_betaTests.swift in Sources */ = {isa = PBXBuildFile; fileRef = 7E3B08891AEEE29800327B65 /* RepresentMe_betaTests.swift */; };
		7E3B08941AEEE69300327B65 /* MenuController.swift in Sources */ = {isa = PBXBuildFile; fileRef = 7E3B08931AEEE69300327B65 /* MenuController.swift */; };
		7E3B08961AEEE77100327B65 /* LegislatorsTableViewController.swift in Sources */ = {isa = PBXBuildFile; fileRef = 7E3B08951AEEE77100327B65 /* LegislatorsTableViewController.swift */; };
		7E3B08981AEEE81A00327B65 /* SettingsViewController.swift in Sources */ = {isa = PBXBuildFile; fileRef = 7E3B08971AEEE81A00327B65 /* SettingsViewController.swift */; };
		7E3B089A1AEEE86C00327B65 /* UpdatesViewController.swift in Sources */ = {isa = PBXBuildFile; fileRef = 7E3B08991AEEE86C00327B65 /* UpdatesViewController.swift */; };
		7E5F11EA1AEF15D600E366A2 /* SWRevealViewController.m in Sources */ = {isa = PBXBuildFile; fileRef = 7E5F11E91AEF15D600E366A2 /* SWRevealViewController.m */; };
		7E8963E51AF01FE800024DDA /* CoreLocation.framework in Frameworks */ = {isa = PBXBuildFile; fileRef = 7E8963E41AF01FE800024DDA /* CoreLocation.framework */; };
/* End PBXBuildFile section */

/* Begin PBXContainerItemProxy section */
		7E3B08841AEEE29800327B65 /* PBXContainerItemProxy */ = {
			isa = PBXContainerItemProxy;
			containerPortal = 7E3B08661AEEE29800327B65 /* Project object */;
			proxyType = 1;
			remoteGlobalIDString = 7E3B086D1AEEE29800327B65;
			remoteInfo = RepresentMe_beta;
		};
/* End PBXContainerItemProxy section */

/* Begin PBXFileReference section */
		7E3B086E1AEEE29800327B65 /* RepresentMe_beta.app */ = {isa = PBXFileReference; explicitFileType = wrapper.application; includeInIndex = 0; path = RepresentMe_beta.app; sourceTree = BUILT_PRODUCTS_DIR; };
		7E3B08721AEEE29800327B65 /* Info.plist */ = {isa = PBXFileReference; lastKnownFileType = text.plist.xml; path = Info.plist; sourceTree = "<group>"; };
		7E3B08731AEEE29800327B65 /* AppDelegate.swift */ = {isa = PBXFileReference; lastKnownFileType = sourcecode.swift; path = AppDelegate.swift; sourceTree = "<group>"; };
		7E3B08781AEEE29800327B65 /* Base */ = {isa = PBXFileReference; lastKnownFileType = file.storyboard; name = Base; path = Base.lproj/Main.storyboard; sourceTree = "<group>"; };
		7E3B087A1AEEE29800327B65 /* Images.xcassets */ = {isa = PBXFileReference; lastKnownFileType = folder.assetcatalog; path = Images.xcassets; sourceTree = "<group>"; };
		7E3B087D1AEEE29800327B65 /* Base */ = {isa = PBXFileReference; lastKnownFileType = file.xib; name = Base; path = Base.lproj/LaunchScreen.xib; sourceTree = "<group>"; };
		7E3B08831AEEE29800327B65 /* RepresentMe_betaTests.xctest */ = {isa = PBXFileReference; explicitFileType = wrapper.cfbundle; includeInIndex = 0; path = RepresentMe_betaTests.xctest; sourceTree = BUILT_PRODUCTS_DIR; };
		7E3B08881AEEE29800327B65 /* Info.plist */ = {isa = PBXFileReference; lastKnownFileType = text.plist.xml; path = Info.plist; sourceTree = "<group>"; };
		7E3B08891AEEE29800327B65 /* RepresentMe_betaTests.swift */ = {isa = PBXFileReference; lastKnownFileType = sourcecode.swift; path = RepresentMe_betaTests.swift; sourceTree = "<group>"; };
		7E3B08931AEEE69300327B65 /* MenuController.swift */ = {isa = PBXFileReference; fileEncoding = 4; lastKnownFileType = sourcecode.swift; path = MenuController.swift; sourceTree = "<group>"; };
		7E3B08951AEEE77100327B65 /* LegislatorsTableViewController.swift */ = {isa = PBXFileReference; fileEncoding = 4; lastKnownFileType = sourcecode.swift; path = LegislatorsTableViewController.swift; sourceTree = "<group>"; };
		7E3B08971AEEE81A00327B65 /* SettingsViewController.swift */ = {isa = PBXFileReference; fileEncoding = 4; lastKnownFileType = sourcecode.swift; path = SettingsViewController.swift; sourceTree = "<group>"; };
		7E3B08991AEEE86C00327B65 /* UpdatesViewController.swift */ = {isa = PBXFileReference; fileEncoding = 4; lastKnownFileType = sourcecode.swift; path = UpdatesViewController.swift; sourceTree = "<group>"; };
		7E5F11E71AEF15C100E366A2 /* SWRevealViewController.h */ = {isa = PBXFileReference; lastKnownFileType = sourcecode.c.h; path = SWRevealViewController.h; sourceTree = "<group>"; };
		7E5F11E81AEF15D500E366A2 /* RepresentMe_beta-Bridging-Header.h */ = {isa = PBXFileReference; lastKnownFileType = sourcecode.c.h; path = "RepresentMe_beta-Bridging-Header.h"; sourceTree = "<group>"; };
		7E5F11E91AEF15D600E366A2 /* SWRevealViewController.m */ = {isa = PBXFileReference; fileEncoding = 4; lastKnownFileType = sourcecode.c.objc; path = SWRevealViewController.m; sourceTree = "<group>"; };
		7E8963E41AF01FE800024DDA /* CoreLocation.framework */ = {isa = PBXFileReference; lastKnownFileType = wrapper.framework; name = CoreLocation.framework; path = System/Library/Frameworks/CoreLocation.framework; sourceTree = SDKROOT; };
/* End PBXFileReference section */

/* Begin PBXFrameworksBuildPhase section */
		7E3B086B1AEEE29800327B65 /* Frameworks */ = {
			isa = PBXFrameworksBuildPhase;
			buildActionMask = 2147483647;
			files = (
				7E8963E51AF01FE800024DDA /* CoreLocation.framework in Frameworks */,
			);
			runOnlyForDeploymentPostprocessing = 0;
		};
		7E3B08801AEEE29800327B65 /* Frameworks */ = {
			isa = PBXFrameworksBuildPhase;
			buildActionMask = 2147483647;
			files = (
			);
			runOnlyForDeploymentPostprocessing = 0;
		};
/* End PBXFrameworksBuildPhase section */

/* Begin PBXGroup section */
		7E3B08651AEEE29800327B65 = {
			isa = PBXGroup;
			children = (
				7E8963E41AF01FE800024DDA /* CoreLocation.framework */,
				7E3B08701AEEE29800327B65 /* RepresentMe_beta */,
				7E3B08861AEEE29800327B65 /* RepresentMe_betaTests */,
				7E3B086F1AEEE29800327B65 /* Products */,
			);
			sourceTree = "<group>";
		};
		7E3B086F1AEEE29800327B65 /* Products */ = {
			isa = PBXGroup;
			children = (
				7E3B086E1AEEE29800327B65 /* RepresentMe_beta.app */,
				7E3B08831AEEE29800327B65 /* RepresentMe_betaTests.xctest */,
			);
			name = Products;
			sourceTree = "<group>";
		};
		7E3B08701AEEE29800327B65 /* RepresentMe_beta */ = {
			isa = PBXGroup;
			children = (
				7E5F11E91AEF15D600E366A2 /* SWRevealViewController.m */,
				7E5F11E71AEF15C100E366A2 /* SWRevealViewController.h */,
				7E3B08731AEEE29800327B65 /* AppDelegate.swift */,
				7E3B08931AEEE69300327B65 /* MenuController.swift */,
				7E3B08951AEEE77100327B65 /* LegislatorsTableViewController.swift */,
				7E3B08971AEEE81A00327B65 /* SettingsViewController.swift */,
				7E3B08991AEEE86C00327B65 /* UpdatesViewController.swift */,
				7E3B08771AEEE29800327B65 /* Main.storyboard */,
				7E3B087A1AEEE29800327B65 /* Images.xcassets */,
				7E3B087C1AEEE29800327B65 /* LaunchScreen.xib */,
				7E3B08711AEEE29800327B65 /* Supporting Files */,
				7E5F11E81AEF15D500E366A2 /* RepresentMe_beta-Bridging-Header.h */,
			);
			path = RepresentMe_beta;
			sourceTree = "<group>";
		};
		7E3B08711AEEE29800327B65 /* Supporting Files */ = {
			isa = PBXGroup;
			children = (
				7E3B08721AEEE29800327B65 /* Info.plist */,
			);
			name = "Supporting Files";
			sourceTree = "<group>";
		};
		7E3B08861AEEE29800327B65 /* RepresentMe_betaTests */ = {
			isa = PBXGroup;
			children = (
				7E3B08891AEEE29800327B65 /* RepresentMe_betaTests.swift */,
				7E3B08871AEEE29800327B65 /* Supporting Files */,
			);
			path = RepresentMe_betaTests;
			sourceTree = "<group>";
		};
		7E3B08871AEEE29800327B65 /* Supporting Files */ = {
			isa = PBXGroup;
			children = (
				7E3B08881AEEE29800327B65 /* Info.plist */,
			);
			name = "Supporting Files";
			sourceTree = "<group>";
		};
/* End PBXGroup section */

/* Begin PBXNativeTarget section */
		7E3B086D1AEEE29800327B65 /* RepresentMe_beta */ = {
			isa = PBXNativeTarget;
			buildConfigurationList = 7E3B088D1AEEE29900327B65 /* Build configuration list for PBXNativeTarget "RepresentMe_beta" */;
			buildPhases = (
				7E3B086A1AEEE29800327B65 /* Sources */,
				7E3B086B1AEEE29800327B65 /* Frameworks */,
				7E3B086C1AEEE29800327B65 /* Resources */,
			);
			buildRules = (
			);
			dependencies = (
			);
			name = RepresentMe_beta;
			productName = RepresentMe_beta;
			productReference = 7E3B086E1AEEE29800327B65 /* RepresentMe_beta.app */;
			productType = "com.apple.product-type.application";
		};
		7E3B08821AEEE29800327B65 /* RepresentMe_betaTests */ = {
			isa = PBXNativeTarget;
			buildConfigurationList = 7E3B08901AEEE29900327B65 /* Build configuration list for PBXNativeTarget "RepresentMe_betaTests" */;
			buildPhases = (
				7E3B087F1AEEE29800327B65 /* Sources */,
				7E3B08801AEEE29800327B65 /* Frameworks */,
				7E3B08811AEEE29800327B65 /* Resources */,
			);
			buildRules = (
			);
			dependencies = (
				7E3B08851AEEE29800327B65 /* PBXTargetDependency */,
			);
			name = RepresentMe_betaTests;
			productName = RepresentMe_betaTests;
			productReference = 7E3B08831AEEE29800327B65 /* RepresentMe_betaTests.xctest */;
			productType = "com.apple.product-type.bundle.unit-test";
		};
/* End PBXNativeTarget section */

/* Begin PBXProject section */
		7E3B08661AEEE29800327B65 /* Project object */ = {
			isa = PBXProject;
			attributes = {
				LastUpgradeCheck = 0630;
				ORGANIZATIONNAME = "Teddy Koker";
				TargetAttributes = {
					7E3B086D1AEEE29800327B65 = {
						CreatedOnToolsVersion = 6.3;
					};
					7E3B08821AEEE29800327B65 = {
						CreatedOnToolsVersion = 6.3;
						TestTargetID = 7E3B086D1AEEE29800327B65;
					};
				};
			};
			buildConfigurationList = 7E3B08691AEEE29800327B65 /* Build configuration list for PBXProject "RepresentMe_beta" */;
			compatibilityVersion = "Xcode 3.2";
			developmentRegion = English;
			hasScannedForEncodings = 0;
			knownRegions = (
				en,
				Base,
			);
			mainGroup = 7E3B08651AEEE29800327B65;
			productRefGroup = 7E3B086F1AEEE29800327B65 /* Products */;
			projectDirPath = "";
			projectRoot = "";
			targets = (
				7E3B086D1AEEE29800327B65 /* RepresentMe_beta */,
				7E3B08821AEEE29800327B65 /* RepresentMe_betaTests */,
			);
		};
/* End PBXProject section */

/* Begin PBXResourcesBuildPhase section */
		7E3B086C1AEEE29800327B65 /* Resources */ = {
			isa = PBXResourcesBuildPhase;
			buildActionMask = 2147483647;
			files = (
				7E3B08791AEEE29800327B65 /* Main.storyboard in Resources */,
				7E3B087E1AEEE29800327B65 /* LaunchScreen.xib in Resources */,
				7E3B087B1AEEE29800327B65 /* Images.xcassets in Resources */,
			);
			runOnlyForDeploymentPostprocessing = 0;
		};
		7E3B08811AEEE29800327B65 /* Resources */ = {
			isa = PBXResourcesBuildPhase;
			buildActionMask = 2147483647;
			files = (
			);
			runOnlyForDeploymentPostprocessing = 0;
		};
/* End PBXResourcesBuildPhase section */

/* Begin PBXSourcesBuildPhase section */
		7E3B086A1AEEE29800327B65 /* Sources */ = {
			isa = PBXSourcesBuildPhase;
			buildActionMask = 2147483647;
			files = (
				7E3B08941AEEE69300327B65 /* MenuController.swift in Sources */,
				7E3B08961AEEE77100327B65 /* LegislatorsTableViewController.swift in Sources */,
				7E3B08981AEEE81A00327B65 /* SettingsViewController.swift in Sources */,
				7E3B08741AEEE29800327B65 /* AppDelegate.swift in Sources */,
				7E3B089A1AEEE86C00327B65 /* UpdatesViewController.swift in Sources */,
				7E5F11EA1AEF15D600E366A2 /* SWRevealViewController.m in Sources */,
			);
			runOnlyForDeploymentPostprocessing = 0;
		};
		7E3B087F1AEEE29800327B65 /* Sources */ = {
			isa = PBXSourcesBuildPhase;
			buildActionMask = 2147483647;
			files = (
				7E3B088A1AEEE29800327B65 /* RepresentMe_betaTests.swift in Sources */,
			);
			runOnlyForDeploymentPostprocessing = 0;
		};
/* End PBXSourcesBuildPhase section */

/* Begin PBXTargetDependency section */
		7E3B08851AEEE29800327B65 /* PBXTargetDependency */ = {
			isa = PBXTargetDependency;
			target = 7E3B086D1AEEE29800327B65 /* RepresentMe_beta */;
			targetProxy = 7E3B08841AEEE29800327B65 /* PBXContainerItemProxy */;
		};
/* End PBXTargetDependency section */

/* Begin PBXVariantGroup section */
		7E3B08771AEEE29800327B65 /* Main.storyboard */ = {
			isa = PBXVariantGroup;
			children = (
				7E3B08781AEEE29800327B65 /* Base */,
			);
			name = Main.storyboard;
			sourceTree = "<group>";
		};
		7E3B087C1AEEE29800327B65 /* LaunchScreen.xib */ = {
			isa = PBXVariantGroup;
			children = (
				7E3B087D1AEEE29800327B65 /* Base */,
			);
			name = LaunchScreen.xib;
			sourceTree = "<group>";
		};
/* End PBXVariantGroup section */

/* Begin XCBuildConfiguration section */
		7E3B088B1AEEE29800327B65 /* Debug */ = {
			isa = XCBuildConfiguration;
			buildSettings = {
				ALWAYS_SEARCH_USER_PATHS = NO;
				CLANG_CXX_LANGUAGE_STANDARD = "gnu++0x";
				CLANG_CXX_LIBRARY = "libc++";
				CLANG_ENABLE_MODULES = YES;
				CLANG_ENABLE_OBJC_ARC = YES;
				CLANG_WARN_BOOL_CONVERSION = YES;
				CLANG_WARN_CONSTANT_CONVERSION = YES;
				CLANG_WARN_DIRECT_OBJC_ISA_USAGE = YES_ERROR;
				CLANG_WARN_EMPTY_BODY = YES;
				CLANG_WARN_ENUM_CONVERSION = YES;
				CLANG_WARN_INT_CONVERSION = YES;
				CLANG_WARN_OBJC_ROOT_CLASS = YES_ERROR;
				CLANG_WARN_UNREACHABLE_CODE = YES;
				CLANG_WARN__DUPLICATE_METHOD_MATCH = YES;
				"CODE_SIGN_IDENTITY[sdk=iphoneos*]" = "iPhone Developer";
				COPY_PHASE_STRIP = NO;
				DEBUG_INFORMATION_FORMAT = "dwarf-with-dsym";
				ENABLE_STRICT_OBJC_MSGSEND = YES;
				GCC_C_LANGUAGE_STANDARD = gnu99;
				GCC_DYNAMIC_NO_PIC = NO;
				GCC_NO_COMMON_BLOCKS = YES;
				GCC_OPTIMIZATION_LEVEL = 0;
				GCC_PREPROCESSOR_DEFINITIONS = (
					"DEBUG=1",
					"$(inherited)",
				);
				GCC_SYMBOLS_PRIVATE_EXTERN = NO;
				GCC_WARN_64_TO_32_BIT_CONVERSION = YES;
				GCC_WARN_ABOUT_RETURN_TYPE = YES_ERROR;
				GCC_WARN_UNDECLARED_SELECTOR = YES;
				GCC_WARN_UNINITIALIZED_AUTOS = YES_AGGRESSIVE;
				GCC_WARN_UNUSED_FUNCTION = YES;
				GCC_WARN_UNUSED_VARIABLE = YES;
				IPHONEOS_DEPLOYMENT_TARGET = 8.3;
				MTL_ENABLE_DEBUG_INFO = YES;
				ONLY_ACTIVE_ARCH = YES;
				SDKROOT = iphoneos;
				SWIFT_OPTIMIZATION_LEVEL = "-Onone";
			};
			name = Debug;
		};
		7E3B088C1AEEE29800327B65 /* Release */ = {
			isa = XCBuildConfiguration;
			buildSettings = {
				ALWAYS_SEARCH_USER_PATHS = NO;
				CLANG_CXX_LANGUAGE_STANDARD = "gnu++0x";
				CLANG_CXX_LIBRARY = "libc++";
				CLANG_ENABLE_MODULES = YES;
				CLANG_ENABLE_OBJC_ARC = YES;
				CLANG_WARN_BOOL_CONVERSION = YES;
				CLANG_WARN_CONSTANT_CONVERSION = YES;
				CLANG_WARN_DIRECT_OBJC_ISA_USAGE = YES_ERROR;
				CLANG_WARN_EMPTY_BODY = YES;
				CLANG_WARN_ENUM_CONVERSION = YES;
				CLANG_WARN_INT_CONVERSION = YES;
				CLANG_WARN_OBJC_ROOT_CLASS = YES_ERROR;
				CLANG_WARN_UNREACHABLE_CODE = YES;
				CLANG_WARN__DUPLICATE_METHOD_MATCH = YES;
				"CODE_SIGN_IDENTITY[sdk=iphoneos*]" = "iPhone Developer";
				COPY_PHASE_STRIP = NO;
				DEBUG_INFORMATION_FORMAT = "dwarf-with-dsym";
				ENABLE_NS_ASSERTIONS = NO;
				ENABLE_STRICT_OBJC_MSGSEND = YES;
				GCC_C_LANGUAGE_STANDARD = gnu99;
				GCC_NO_COMMON_BLOCKS = YES;
				GCC_WARN_64_TO_32_BIT_CONVERSION = YES;
				GCC_WARN_ABOUT_RETURN_TYPE = YES_ERROR;
				GCC_WARN_UNDECLARED_SELECTOR = YES;
				GCC_WARN_UNINITIALIZED_AUTOS = YES_AGGRESSIVE;
				GCC_WARN_UNUSED_FUNCTION = YES;
				GCC_WARN_UNUSED_VARIABLE = YES;
				IPHONEOS_DEPLOYMENT_TARGET = 8.3;
				MTL_ENABLE_DEBUG_INFO = NO;
				SDKROOT = iphoneos;
				VALIDATE_PRODUCT = YES;
			};
			name = Release;
		};
		7E3B088E1AEEE29900327B65 /* Debug */ = {
			isa = XCBuildConfiguration;
			buildSettings = {
				ASSETCATALOG_COMPILER_APPICON_NAME = AppIcon;
				CLANG_ENABLE_MODULES = YES;
				INFOPLIST_FILE = RepresentMe_beta/Info.plist;
				IPHONEOS_DEPLOYMENT_TARGET = 8.0;
				LD_RUNPATH_SEARCH_PATHS = "$(inherited) @executable_path/Frameworks";
				PRODUCT_NAME = "$(TARGET_NAME)";
				SWIFT_OBJC_BRIDGING_HEADER = "RepresentMe_beta/RepresentMe_beta-Bridging-Header.h";
				SWIFT_OPTIMIZATION_LEVEL = "-Onone";
			};
			name = Debug;
		};
		7E3B088F1AEEE29900327B65 /* Release */ = {
			isa = XCBuildConfiguration;
			buildSettings = {
				ASSETCATALOG_COMPILER_APPICON_NAME = AppIcon;
				CLANG_ENABLE_MODULES = YES;
				INFOPLIST_FILE = RepresentMe_beta/Info.plist;
				IPHONEOS_DEPLOYMENT_TARGET = 8.0;
				LD_RUNPATH_SEARCH_PATHS = "$(inherited) @executable_path/Frameworks";
				PRODUCT_NAME = "$(TARGET_NAME)";
				SWIFT_OBJC_BRIDGING_HEADER = "RepresentMe_beta/RepresentMe_beta-Bridging-Header.h";
			};
			name = Release;
		};
		7E3B08911AEEE29900327B65 /* Debug */ = {
			isa = XCBuildConfiguration;
			buildSettings = {
				BUNDLE_LOADER = "$(TEST_HOST)";
				FRAMEWORK_SEARCH_PATHS = (
					"$(SDKROOT)/Developer/Library/Frameworks",
					"$(inherited)",
				);
				GCC_PREPROCESSOR_DEFINITIONS = (
					"DEBUG=1",
					"$(inherited)",
				);
				INFOPLIST_FILE = RepresentMe_betaTests/Info.plist;
				LD_RUNPATH_SEARCH_PATHS = "$(inherited) @executable_path/Frameworks @loader_path/Frameworks";
				PRODUCT_NAME = "$(TARGET_NAME)";
				TEST_HOST = "$(BUILT_PRODUCTS_DIR)/RepresentMe_beta.app/RepresentMe_beta";
			};
			name = Debug;
		};
		7E3B08921AEEE29900327B65 /* Release */ = {
			isa = XCBuildConfiguration;
			buildSettings = {
				BUNDLE_LOADER = "$(TEST_HOST)";
				FRAMEWORK_SEARCH_PATHS = (
					"$(SDKROOT)/Developer/Library/Frameworks",
					"$(inherited)",
				);
				INFOPLIST_FILE = RepresentMe_betaTests/Info.plist;
				LD_RUNPATH_SEARCH_PATHS = "$(inherited) @executable_path/Frameworks @loader_path/Frameworks";
				PRODUCT_NAME = "$(TARGET_NAME)";
				TEST_HOST = "$(BUILT_PRODUCTS_DIR)/RepresentMe_beta.app/RepresentMe_beta";
			};
			name = Release;
		};
/* End XCBuildConfiguration section */

/* Begin XCConfigurationList section */
		7E3B08691AEEE29800327B65 /* Build configuration list for PBXProject "RepresentMe_beta" */ = {
			isa = XCConfigurationList;
			buildConfigurations = (
				7E3B088B1AEEE29800327B65 /* Debug */,
				7E3B088C1AEEE29800327B65 /* Release */,
			);
			defaultConfigurationIsVisible = 0;
			defaultConfigurationName = Release;
		};
		7E3B088D1AEEE29900327B65 /* Build configuration list for PBXNativeTarget "RepresentMe_beta" */ = {
			isa = XCConfigurationList;
			buildConfigurations = (
				7E3B088E1AEEE29900327B65 /* Debug */,
				7E3B088F1AEEE29900327B65 /* Release */,
			);
			defaultConfigurationIsVisible = 0;
			defaultConfigurationName = Release;
		};
		7E3B08901AEEE29900327B65 /* Build configuration list for PBXNativeTarget "RepresentMe_betaTests" */ = {
			isa = XCConfigurationList;
			buildConfigurations = (
				7E3B08911AEEE29900327B65 /* Debug */,
				7E3B08921AEEE29900327B65 /* Release */,
			);
			defaultConfigurationIsVisible = 0;
			defaultConfigurationName = Release;
		};
/* End XCConfigurationList section */
	};
	rootObject = 7E3B08661AEEE29800327B65 /* Project object */;
}
